dependencies:
- name: docker-registry
  repository: https://helm.twun.io
  version: 1.11.0
- name: minio
  repository: file://dependencies/minio
  version: 8.0.10
- name: mysql
  repository: https://charts.bitnami.com/bitnami
  version: 8.8.19
- name: rabbitmq
  repository: https://charts.bitnami.com/bitnami
  version: 8.24.13
digest: sha256:354651e82cc61150020bf557af399f638b7d26ed353ee8d364d25e05d030dca8
generated: "2022-08-22T16:13:26.786622022+08:00"
